{
  "name": "lezer-loader",
  "version": "0.1.0",
  "lockfileVersion": 2,
  "requires": true,
  "packages": {
    "": {
      "name": "lezer-loader",
      "version": "0.1.0",
      "license": "MIT",
      "peerDependencies": {
        "@lezer/generator": "^1.0.0"
      }
    },
    "node_modules/@lezer/common": {
      "version": "1.0.0",
      "resolved": "https://registry.npmjs.org/@lezer/common/-/common-1.0.0.tgz",
      "integrity": "sha512-ohydQe+Hb+w4oMDvXzs8uuJd2NoA3D8YDcLiuDsLqH+yflDTPEpgCsWI3/6rH5C3BAedtH1/R51dxENldQceEA==",
      "peer": true
    },
    "node_modules/@lezer/generator": {
      "version": "1.0.0",
      "resolved": "https://registry.npmjs.org/@lezer/generator/-/generator-1.0.0.tgz",
      "integrity": "sha512-MgtTb9O2RxAn+WNfv8z9xOg7Q2orbChs9P3tHLUSBzvRL1PR2wiL/MKFpUnsYFG4mkcTTLkrkQgzUMVYa/ATfA==",
      "peer": true,
      "dependencies": {
        "@lezer/common": "^1.0.0",
        "@lezer/lr": "^1.0.0"
      },
      "bin": {
        "lezer-generator": "dist/lezer-generator.cjs"
      }
    },
    "node_modules/@lezer/lr": {
      "version": "1.0.0",
      "resolved": "https://registry.npmjs.org/@lezer/lr/-/lr-1.0.0.tgz",
      "integrity": "sha512-k6DEqBh4HxqO/cVGedb6Ern6LS7K6IOzfydJ5WaqCR26v6UR9sIFyb6PS+5rPUs/mXgnBR/QQCW7RkyjSCMoQA==",
      "peer": true,
      "dependencies": {
        "@lezer/common": "^1.0.0"
      }
    }
  },
  "dependencies": {
    "@lezer/common": {
      "version": "1.0.0",
      "resolved": "https://registry.npmjs.org/@lezer/common/-/common-1.0.0.tgz",
      "integrity": "sha512-ohydQe+Hb+w4oMDvXzs8uuJd2NoA3D8YDcLiuDsLqH+yflDTPEpgCsWI3/6rH5C3BAedtH1/R51dxENldQceEA==",
      "peer": true
    },
    "@lezer/generator": {
      "version": "1.0.0",
      "resolved": "https://registry.npmjs.org/@lezer/generator/-/generator-1.0.0.tgz",
      "integrity": "sha512-MgtTb9O2RxAn+WNfv8z9xOg7Q2orbChs9P3tHLUSBzvRL1PR2wiL/MKFpUnsYFG4mkcTTLkrkQgzUMVYa/ATfA==",
      "peer": true,
      "requires": {
        "@lezer/common": "^1.0.0",
        "@lezer/lr": "^1.0.0"
      }
    },
    "@lezer/lr": {
      "version": "1.0.0",
      "resolved": "https://registry.npmjs.org/@lezer/lr/-/lr-1.0.0.tgz",
      "integrity": "sha512-k6DEqBh4HxqO/cVGedb6Ern6LS7K6IOzfydJ5WaqCR26v6UR9sIFyb6PS+5rPUs/mXgnBR/QQCW7RkyjSCMoQA==",
      "peer": true,
      "requires": {
        "@lezer/common": "^1.0.0"
      }
    }
  }
}
